{
  "name": "liz-yoga-static-web",
  "version": "1.0.0",
  "lockfileVersion": 1,
  "requires": true,
  "dependencies": {
    "html-fragments": {
      "version": "1.1.1",
      "resolved": "https://registry.npmjs.org/html-fragments/-/html-fragments-1.1.1.tgz",
      "integrity": "sha512-pEYUIYsMx/L3o1iSyrjn5wR4OcUzoCmJK0L3dOvap1JJZ40fG5Vo2jBqOnn5ieBaHP5MrbZ4ziJwnkToGSisGQ=="
    }
  }
}
